// !$*UTF8*$!
{
	archiveVersion = 1;
	classes = {
	};
	objectVersion = 50;
	objects = {

/* Begin PBXBuildFile section */
		C30FE74F26E85567004F3E38 /* AppDelegate.swift in Sources */ = {isa = PBXBuildFile; fileRef = C30FE74E26E85567004F3E38 /* AppDelegate.swift */; };
		C30FE75326E85567004F3E38 /* BRLunchViewController.swift in Sources */ = {isa = PBXBuildFile; fileRef = C30FE75226E85567004F3E38 /* BRLunchViewController.swift */; };
		C30FE75626E85567004F3E38 /* HomeApp.storyboard in Resources */ = {isa = PBXBuildFile; fileRef = C30FE75426E85567004F3E38 /* HomeApp.storyboard */; };
		C30FE75826E85569004F3E38 /* Assets.xcassets in Resources */ = {isa = PBXBuildFile; fileRef = C30FE75726E85569004F3E38 /* Assets.xcassets */; };
		C30FE75B26E85569004F3E38 /* LaunchScreen.storyboard in Resources */ = {isa = PBXBuildFile; fileRef = C30FE75926E85569004F3E38 /* LaunchScreen.storyboard */; };
		C30FE76826E857F2004F3E38 /* BRServiceManager.swift in Sources */ = {isa = PBXBuildFile; fileRef = C30FE76726E857F2004F3E38 /* BRServiceManager.swift */; };
		C30FE76B26E85E00004F3E38 /* BRRestaurantsViewModel.swift in Sources */ = {isa = PBXBuildFile; fileRef = C30FE76A26E85E00004F3E38 /* BRRestaurantsViewModel.swift */; };
		C30FE76D26E871C1004F3E38 /* BRRestaurantsAllModels.swift in Sources */ = {isa = PBXBuildFile; fileRef = C30FE76C26E871C1004F3E38 /* BRRestaurantsAllModels.swift */; };
		C30FE77226E8763D004F3E38 /* SceneDelegate.swift in Sources */ = {isa = PBXBuildFile; fileRef = C30FE77126E8763D004F3E38 /* SceneDelegate.swift */; };
		C30FE77426E8EF64004F3E38 /* BRLunchCollectionViewCell.xib in Resources */ = {isa = PBXBuildFile; fileRef = C30FE77326E8EF64004F3E38 /* BRLunchCollectionViewCell.xib */; };
		C30FE77626E8EF85004F3E38 /* BRLunchCollectionViewCell.swift in Sources */ = {isa = PBXBuildFile; fileRef = C30FE77526E8EF85004F3E38 /* BRLunchCollectionViewCell.swift */; };
		C334B71526E944A900565BA9 /* PinRestaurant.swift in Sources */ = {isa = PBXBuildFile; fileRef = C334B71426E944A900565BA9 /* PinRestaurant.swift */; };
		C334B71726E945AE00565BA9 /* ProgressView.swift in Sources */ = {isa = PBXBuildFile; fileRef = C334B71626E945AE00565BA9 /* ProgressView.swift */; };
		C334B71926E947E400565BA9 /* BRReachability.swift in Sources */ = {isa = PBXBuildFile; fileRef = C334B71826E947E400565BA9 /* BRReachability.swift */; };
		C334B71B26E9495A00565BA9 /* AlertGeneric.swift in Sources */ = {isa = PBXBuildFile; fileRef = C334B71A26E9495900565BA9 /* AlertGeneric.swift */; };
		C3F0FE3726E8FA9E00E515C5 /* ImageCacheManager.swift in Sources */ = {isa = PBXBuildFile; fileRef = C3F0FE3626E8FA9E00E515C5 /* ImageCacheManager.swift */; };
		C3F0FE3926E8FB1F00E515C5 /* UIImageExtension.swift in Sources */ = {isa = PBXBuildFile; fileRef = C3F0FE3826E8FB1F00E515C5 /* UIImageExtension.swift */; };
		C3F0FE3B26E8FB2D00E515C5 /* IntExtension.swift in Sources */ = {isa = PBXBuildFile; fileRef = C3F0FE3A26E8FB2D00E515C5 /* IntExtension.swift */; };
		C3F0FE3D26E90C9F00E515C5 /* BRInternetsViewController.swift in Sources */ = {isa = PBXBuildFile; fileRef = C3F0FE3C26E90C9F00E515C5 /* BRInternetsViewController.swift */; };
		C3F0FE3F26E9101F00E515C5 /* UIColorExtension.swift in Sources */ = {isa = PBXBuildFile; fileRef = C3F0FE3E26E9101F00E515C5 /* UIColorExtension.swift */; };
		C3F0FE4126E921A100E515C5 /* BRDetailLunchViewController.swift in Sources */ = {isa = PBXBuildFile; fileRef = C3F0FE4026E921A100E515C5 /* BRDetailLunchViewController.swift */; };
/* End PBXBuildFile section */

/* Begin PBXFileReference section */
		C30FE74B26E85567004F3E38 /* testBottleRocket.app */ = {isa = PBXFileReference; explicitFileType = wrapper.application; includeInIndex = 0; path = testBottleRocket.app; sourceTree = BUILT_PRODUCTS_DIR; };
		C30FE74E26E85567004F3E38 /* AppDelegate.swift */ = {isa = PBXFileReference; lastKnownFileType = sourcecode.swift; path = AppDelegate.swift; sourceTree = "<group>"; };
		C30FE75226E85567004F3E38 /* BRLunchViewController.swift */ = {isa = PBXFileReference; lastKnownFileType = sourcecode.swift; path = BRLunchViewController.swift; sourceTree = "<group>"; };
		C30FE75526E85567004F3E38 /* Base */ = {isa = PBXFileReference; lastKnownFileType = file.storyboard; name = Base; path = Base.lproj/HomeApp.storyboard; sourceTree = "<group>"; };
		C30FE75726E85569004F3E38 /* Assets.xcassets */ = {isa = PBXFileReference; lastKnownFileType = folder.assetcatalog; path = Assets.xcassets; sourceTree = "<group>"; };
		C30FE75A26E85569004F3E38 /* Base */ = {isa = PBXFileReference; lastKnownFileType = file.storyboard; name = Base; path = Base.lproj/LaunchScreen.storyboard; sourceTree = "<group>"; };
		C30FE75C26E85569004F3E38 /* Info.plist */ = {isa = PBXFileReference; lastKnownFileType = text.plist.xml; path = Info.plist; sourceTree = "<group>"; };
		C30FE76726E857F2004F3E38 /* BRServiceManager.swift */ = {isa = PBXFileReference; lastKnownFileType = sourcecode.swift; path = BRServiceManager.swift; sourceTree = "<group>"; };
		C30FE76A26E85E00004F3E38 /* BRRestaurantsViewModel.swift */ = {isa = PBXFileReference; lastKnownFileType = sourcecode.swift; path = BRRestaurantsViewModel.swift; sourceTree = "<group>"; };
		C30FE76C26E871C1004F3E38 /* BRRestaurantsAllModels.swift */ = {isa = PBXFileReference; lastKnownFileType = sourcecode.swift; path = BRRestaurantsAllModels.swift; sourceTree = "<group>"; };
		C30FE77126E8763D004F3E38 /* SceneDelegate.swift */ = {isa = PBXFileReference; fileEncoding = 4; lastKnownFileType = sourcecode.swift; path = SceneDelegate.swift; sourceTree = "<group>"; };
		C30FE77326E8EF64004F3E38 /* BRLunchCollectionViewCell.xib */ = {isa = PBXFileReference; lastKnownFileType = file.xib; path = BRLunchCollectionViewCell.xib; sourceTree = "<group>"; };
		C30FE77526E8EF85004F3E38 /* BRLunchCollectionViewCell.swift */ = {isa = PBXFileReference; lastKnownFileType = sourcecode.swift; path = BRLunchCollectionViewCell.swift; sourceTree = "<group>"; };
		C334B71426E944A900565BA9 /* PinRestaurant.swift */ = {isa = PBXFileReference; lastKnownFileType = sourcecode.swift; path = PinRestaurant.swift; sourceTree = "<group>"; };
		C334B71626E945AE00565BA9 /* ProgressView.swift */ = {isa = PBXFileReference; lastKnownFileType = sourcecode.swift; path = ProgressView.swift; sourceTree = "<group>"; };
		C334B71826E947E400565BA9 /* BRReachability.swift */ = {isa = PBXFileReference; lastKnownFileType = sourcecode.swift; path = BRReachability.swift; sourceTree = "<group>"; };
		C334B71A26E9495900565BA9 /* AlertGeneric.swift */ = {isa = PBXFileReference; lastKnownFileType = sourcecode.swift; path = AlertGeneric.swift; sourceTree = "<group>"; };
		C3F0FE3626E8FA9E00E515C5 /* ImageCacheManager.swift */ = {isa = PBXFileReference; lastKnownFileType = sourcecode.swift; path = ImageCacheManager.swift; sourceTree = "<group>"; };
		C3F0FE3826E8FB1F00E515C5 /* UIImageExtension.swift */ = {isa = PBXFileReference; lastKnownFileType = sourcecode.swift; path = UIImageExtension.swift; sourceTree = "<group>"; };
		C3F0FE3A26E8FB2D00E515C5 /* IntExtension.swift */ = {isa = PBXFileReference; lastKnownFileType = sourcecode.swift; path = IntExtension.swift; sourceTree = "<group>"; };
		C3F0FE3C26E90C9F00E515C5 /* BRInternetsViewController.swift */ = {isa = PBXFileReference; lastKnownFileType = sourcecode.swift; path = BRInternetsViewController.swift; sourceTree = "<group>"; };
		C3F0FE3E26E9101F00E515C5 /* UIColorExtension.swift */ = {isa = PBXFileReference; lastKnownFileType = sourcecode.swift; path = UIColorExtension.swift; sourceTree = "<group>"; };
		C3F0FE4026E921A100E515C5 /* BRDetailLunchViewController.swift */ = {isa = PBXFileReference; lastKnownFileType = sourcecode.swift; path = BRDetailLunchViewController.swift; sourceTree = "<group>"; };
/* End PBXFileReference section */

/* Begin PBXFrameworksBuildPhase section */
		C30FE74826E85567004F3E38 /* Frameworks */ = {
			isa = PBXFrameworksBuildPhase;
			buildActionMask = 2147483647;
			files = (
			);
			runOnlyForDeploymentPostprocessing = 0;
		};
/* End PBXFrameworksBuildPhase section */

/* Begin PBXGroup section */
		C30FE74226E85567004F3E38 = {
			isa = PBXGroup;
			children = (
				C30FE74D26E85567004F3E38 /* testBottleRocket */,
				C30FE74C26E85567004F3E38 /* Products */,
			);
			sourceTree = "<group>";
		};
		C30FE74C26E85567004F3E38 /* Products */ = {
			isa = PBXGroup;
			children = (
				C30FE74B26E85567004F3E38 /* testBottleRocket.app */,
			);
			name = Products;
			sourceTree = "<group>";
		};
		C30FE74D26E85567004F3E38 /* testBottleRocket */ = {
			isa = PBXGroup;
			children = (
				C30FE76226E85768004F3E38 /* BottleRocket */,
				C30FE77126E8763D004F3E38 /* SceneDelegate.swift */,
				C30FE74E26E85567004F3E38 /* AppDelegate.swift */,
				C30FE75726E85569004F3E38 /* Assets.xcassets */,
				C30FE75926E85569004F3E38 /* LaunchScreen.storyboard */,
				C30FE75C26E85569004F3E38 /* Info.plist */,
			);
			path = testBottleRocket;
			sourceTree = "<group>";
		};
		C30FE76226E85768004F3E38 /* BottleRocket */ = {
			isa = PBXGroup;
			children = (
				C3F0FE3526E8FA8E00E515C5 /* Others */,
				C3F0FE3426E8FA8100E515C5 /* Extensions */,
				C30FE76926E85DB3004F3E38 /* AWSManager */,
				C30FE76526E85790004F3E38 /* ViewModel */,
				C30FE76426E85784004F3E38 /* Model */,
				C30FE76326E8577D004F3E38 /* View */,
			);
			path = BottleRocket;
			sourceTree = "<group>";
		};
		C30FE76326E8577D004F3E38 /* View */ = {
			isa = PBXGroup;
			children = (
				C30FE76F26E8721A004F3E38 /* ViewControllers */,
				C30FE76E26E8720B004F3E38 /* Storyboards */,
				C30FE77026E872B4004F3E38 /* XIB */,
			);
			path = View;
			sourceTree = "<group>";
		};
		C30FE76426E85784004F3E38 /* Model */ = {
			isa = PBXGroup;
			children = (
				C30FE76C26E871C1004F3E38 /* BRRestaurantsAllModels.swift */,
				C334B71426E944A900565BA9 /* PinRestaurant.swift */,
			);
			path = Model;
			sourceTree = "<group>";
		};
		C30FE76526E85790004F3E38 /* ViewModel */ = {
			isa = PBXGroup;
			children = (
				C30FE76A26E85E00004F3E38 /* BRRestaurantsViewModel.swift */,
			);
			path = ViewModel;
			sourceTree = "<group>";
		};
		C30FE76926E85DB3004F3E38 /* AWSManager */ = {
			isa = PBXGroup;
			children = (
				C30FE76726E857F2004F3E38 /* BRServiceManager.swift */,
			);
			path = AWSManager;
			sourceTree = "<group>";
		};
		C30FE76E26E8720B004F3E38 /* Storyboards */ = {
			isa = PBXGroup;
			children = (
				C30FE75426E85567004F3E38 /* HomeApp.storyboard */,
			);
			path = Storyboards;
			sourceTree = "<group>";
		};
		C30FE76F26E8721A004F3E38 /* ViewControllers */ = {
			isa = PBXGroup;
			children = (
				C30FE75226E85567004F3E38 /* BRLunchViewController.swift */,
				C30FE77526E8EF85004F3E38 /* BRLunchCollectionViewCell.swift */,
				C3F0FE3C26E90C9F00E515C5 /* BRInternetsViewController.swift */,
				C3F0FE4026E921A100E515C5 /* BRDetailLunchViewController.swift */,
			);
			path = ViewControllers;
			sourceTree = "<group>";
		};
		C30FE77026E872B4004F3E38 /* XIB */ = {
			isa = PBXGroup;
			children = (
				C30FE77326E8EF64004F3E38 /* BRLunchCollectionViewCell.xib */,
			);
			path = XIB;
			sourceTree = "<group>";
		};
		C3F0FE3426E8FA8100E515C5 /* Extensions */ = {
			isa = PBXGroup;
			children = (
				C3F0FE3826E8FB1F00E515C5 /* UIImageExtension.swift */,
				C3F0FE3A26E8FB2D00E515C5 /* IntExtension.swift */,
				C3F0FE3E26E9101F00E515C5 /* UIColorExtension.swift */,
			);
			path = Extensions;
			sourceTree = "<group>";
		};
		C3F0FE3526E8FA8E00E515C5 /* Others */ = {
			isa = PBXGroup;
			children = (
				C3F0FE3626E8FA9E00E515C5 /* ImageCacheManager.swift */,
				C334B71626E945AE00565BA9 /* ProgressView.swift */,
				C334B71826E947E400565BA9 /* BRReachability.swift */,
				C334B71A26E9495900565BA9 /* AlertGeneric.swift */,
			);
			path = Others;
			sourceTree = "<group>";
		};
/* End PBXGroup section */

/* Begin PBXNativeTarget section */
		C30FE74A26E85567004F3E38 /* testBottleRocket */ = {
			isa = PBXNativeTarget;
			buildConfigurationList = C30FE75F26E85569004F3E38 /* Build configuration list for PBXNativeTarget "testBottleRocket" */;
			buildPhases = (
				C30FE74726E85567004F3E38 /* Sources */,
				C30FE74826E85567004F3E38 /* Frameworks */,
				C30FE74926E85567004F3E38 /* Resources */,
			);
			buildRules = (
			);
			dependencies = (
			);
			name = testBottleRocket;
			productName = testBottleRocket;
			productReference = C30FE74B26E85567004F3E38 /* testBottleRocket.app */;
			productType = "com.apple.product-type.application";
		};
/* End PBXNativeTarget section */

/* Begin PBXProject section */
		C30FE74326E85567004F3E38 /* Project object */ = {
			isa = PBXProject;
			attributes = {
				LastSwiftUpdateCheck = 1250;
				LastUpgradeCheck = 1250;
				TargetAttributes = {
					C30FE74A26E85567004F3E38 = {
						CreatedOnToolsVersion = 12.5;
					};
				};
			};
			buildConfigurationList = C30FE74626E85567004F3E38 /* Build configuration list for PBXProject "testBottleRocket" */;
			compatibilityVersion = "Xcode 9.3";
			developmentRegion = en;
			hasScannedForEncodings = 0;
			knownRegions = (
				en,
				Base,
			);
			mainGroup = C30FE74226E85567004F3E38;
			productRefGroup = C30FE74C26E85567004F3E38 /* Products */;
			projectDirPath = "";
			projectRoot = "";
			targets = (
				C30FE74A26E85567004F3E38 /* testBottleRocket */,
			);
		};
/* End PBXProject section */

/* Begin PBXResourcesBuildPhase section */
		C30FE74926E85567004F3E38 /* Resources */ = {
			isa = PBXResourcesBuildPhase;
			buildActionMask = 2147483647;
			files = (
				C30FE75B26E85569004F3E38 /* LaunchScreen.storyboard in Resources */,
				C30FE75826E85569004F3E38 /* Assets.xcassets in Resources */,
				C30FE75626E85567004F3E38 /* HomeApp.storyboard in Resources */,
				C30FE77426E8EF64004F3E38 /* BRLunchCollectionViewCell.xib in Resources */,
			);
			runOnlyForDeploymentPostprocessing = 0;
		};
/* End PBXResourcesBuildPhase section */

/* Begin PBXSourcesBuildPhase section */
		C30FE74726E85567004F3E38 /* Sources */ = {
			isa = PBXSourcesBuildPhase;
			buildActionMask = 2147483647;
			files = (
				C30FE76B26E85E00004F3E38 /* BRRestaurantsViewModel.swift in Sources */,
				C30FE75326E85567004F3E38 /* BRLunchViewController.swift in Sources */,
				C334B71726E945AE00565BA9 /* ProgressView.swift in Sources */,
				C3F0FE3D26E90C9F00E515C5 /* BRInternetsViewController.swift in Sources */,
				C334B71926E947E400565BA9 /* BRReachability.swift in Sources */,
				C30FE77626E8EF85004F3E38 /* BRLunchCollectionViewCell.swift in Sources */,
				C334B71526E944A900565BA9 /* PinRestaurant.swift in Sources */,
				C3F0FE3B26E8FB2D00E515C5 /* IntExtension.swift in Sources */,
				C30FE76826E857F2004F3E38 /* BRServiceManager.swift in Sources */,
				C3F0FE3726E8FA9E00E515C5 /* ImageCacheManager.swift in Sources */,
				C3F0FE3926E8FB1F00E515C5 /* UIImageExtension.swift in Sources */,
				C334B71B26E9495A00565BA9 /* AlertGeneric.swift in Sources */,
				C30FE74F26E85567004F3E38 /* AppDelegate.swift in Sources */,
				C30FE76D26E871C1004F3E38 /* BRRestaurantsAllModels.swift in Sources */,
				C30FE77226E8763D004F3E38 /* SceneDelegate.swift in Sources */,
				C3F0FE4126E921A100E515C5 /* BRDetailLunchViewController.swift in Sources */,
				C3F0FE3F26E9101F00E515C5 /* UIColorExtension.swift in Sources */,
			);
			runOnlyForDeploymentPostprocessing = 0;
		};
/* End PBXSourcesBuildPhase section */

/* Begin PBXVariantGroup section */
		C30FE75426E85567004F3E38 /* HomeApp.storyboard */ = {
			isa = PBXVariantGroup;
			children = (
				C30FE75526E85567004F3E38 /* Base */,
			);
			name = HomeApp.storyboard;
			sourceTree = "<group>";
		};
		C30FE75926E85569004F3E38 /* LaunchScreen.storyboard */ = {
			isa = PBXVariantGroup;
			children = (
				C30FE75A26E85569004F3E38 /* Base */,
			);
			name = LaunchScreen.storyboard;
			sourceTree = "<group>";
		};
/* End PBXVariantGroup section */

/* Begin XCBuildConfiguration section */
		C30FE75D26E85569004F3E38 /* Debug */ = {
			isa = XCBuildConfiguration;
			buildSettings = {
				ALWAYS_SEARCH_USER_PATHS = NO;
				CLANG_ANALYZER_NONNULL = YES;
				CLANG_ANALYZER_NUMBER_OBJECT_CONVERSION = YES_AGGRESSIVE;
				CLANG_CXX_LANGUAGE_STANDARD = "gnu++14";
				CLANG_CXX_LIBRARY = "libc++";
				CLANG_ENABLE_MODULES = YES;
				CLANG_ENABLE_OBJC_ARC = YES;
				CLANG_ENABLE_OBJC_WEAK = YES;
				CLANG_WARN_BLOCK_CAPTURE_AUTORELEASING = YES;
				CLANG_WARN_BOOL_CONVERSION = YES;
				CLANG_WARN_COMMA = YES;
				CLANG_WARN_CONSTANT_CONVERSION = YES;
				CLANG_WARN_DEPRECATED_OBJC_IMPLEMENTATIONS = YES;
				CLANG_WARN_DIRECT_OBJC_ISA_USAGE = YES_ERROR;
				CLANG_WARN_DOCUMENTATION_COMMENTS = YES;
				CLANG_WARN_EMPTY_BODY = YES;
				CLANG_WARN_ENUM_CONVERSION = YES;
				CLANG_WARN_INFINITE_RECURSION = YES;
				CLANG_WARN_INT_CONVERSION = YES;
				CLANG_WARN_NON_LITERAL_NULL_CONVERSION = YES;
				CLANG_WARN_OBJC_IMPLICIT_RETAIN_SELF = YES;
				CLANG_WARN_OBJC_LITERAL_CONVERSION = YES;
				CLANG_WARN_OBJC_ROOT_CLASS = YES_ERROR;
				CLANG_WARN_QUOTED_INCLUDE_IN_FRAMEWORK_HEADER = YES;
				CLANG_WARN_RANGE_LOOP_ANALYSIS = YES;
				CLANG_WARN_STRICT_PROTOTYPES = YES;
				CLANG_WARN_SUSPICIOUS_MOVE = YES;
				CLANG_WARN_UNGUARDED_AVAILABILITY = YES_AGGRESSIVE;
				CLANG_WARN_UNREACHABLE_CODE = YES;
				CLANG_WARN__DUPLICATE_METHOD_MATCH = YES;
				COPY_PHASE_STRIP = NO;
				DEBUG_INFORMATION_FORMAT = dwarf;
				ENABLE_STRICT_OBJC_MSGSEND = YES;
				ENABLE_TESTABILITY = YES;
				GCC_C_LANGUAGE_STANDARD = gnu11;
				GCC_DYNAMIC_NO_PIC = NO;
				GCC_NO_COMMON_BLOCKS = YES;
				GCC_OPTIMIZATION_LEVEL = 0;
				GCC_PREPROCESSOR_DEFINITIONS = (
					"DEBUG=1",
					"$(inherited)",
				);
				GCC_WARN_64_TO_32_BIT_CONVERSION = YES;
				GCC_WARN_ABOUT_RETURN_TYPE = YES_ERROR;
				GCC_WARN_UNDECLARED_SELECTOR = YES;
				GCC_WARN_UNINITIALIZED_AUTOS = YES_AGGRESSIVE;
				GCC_WARN_UNUSED_FUNCTION = YES;
				GCC_WARN_UNUSED_VARIABLE = YES;
				IPHONEOS_DEPLOYMENT_TARGET = 14.5;
				MTL_ENABLE_DEBUG_INFO = INCLUDE_SOURCE;
				MTL_FAST_MATH = YES;
				ONLY_ACTIVE_ARCH = YES;
				SDKROOT = iphoneos;
				SWIFT_ACTIVE_COMPILATION_CONDITIONS = DEBUG;
				SWIFT_OPTIMIZATION_LEVEL = "-Onone";
			};
			name = Debug;
		};
		C30FE75E26E85569004F3E38 /* Release */ = {
			isa = XCBuildConfiguration;
			buildSettings = {
				ALWAYS_SEARCH_USER_PATHS = NO;
				CLANG_ANALYZER_NONNULL = YES;
				CLANG_ANALYZER_NUMBER_OBJECT_CONVERSION = YES_AGGRESSIVE;
				CLANG_CXX_LANGUAGE_STANDARD = "gnu++14";
				CLANG_CXX_LIBRARY = "libc++";
				CLANG_ENABLE_MODULES = YES;
				CLANG_ENABLE_OBJC_ARC = YES;
				CLANG_ENABLE_OBJC_WEAK = YES;
				CLANG_WARN_BLOCK_CAPTURE_AUTORELEASING = YES;
				CLANG_WARN_BOOL_CONVERSION = YES;
				CLANG_WARN_COMMA = YES;
				CLANG_WARN_CONSTANT_CONVERSION = YES;
				CLANG_WARN_DEPRECATED_OBJC_IMPLEMENTATIONS = YES;
				CLANG_WARN_DIRECT_OBJC_ISA_USAGE = YES_ERROR;
				CLANG_WARN_DOCUMENTATION_COMMENTS = YES;
				CLANG_WARN_EMPTY_BODY = YES;
				CLANG_WARN_ENUM_CONVERSION = YES;
				CLANG_WARN_INFINITE_RECURSION = YES;
				CLANG_WARN_INT_CONVERSION = YES;
				CLANG_WARN_NON_LITERAL_NULL_CONVERSION = YES;
				CLANG_WARN_OBJC_IMPLICIT_RETAIN_SELF = YES;
				CLANG_WARN_OBJC_LITERAL_CONVERSION = YES;
				CLANG_WARN_OBJC_ROOT_CLASS = YES_ERROR;
				CLANG_WARN_QUOTED_INCLUDE_IN_FRAMEWORK_HEADER = YES;
				CLANG_WARN_RANGE_LOOP_ANALYSIS = YES;
				CLANG_WARN_STRICT_PROTOTYPES = YES;
				CLANG_WARN_SUSPICIOUS_MOVE = YES;
				CLANG_WARN_UNGUARDED_AVAILABILITY = YES_AGGRESSIVE;
				CLANG_WARN_UNREACHABLE_CODE = YES;
				CLANG_WARN__DUPLICATE_METHOD_MATCH = YES;
				COPY_PHASE_STRIP = NO;
				DEBUG_INFORMATION_FORMAT = "dwarf-with-dsym";
				ENABLE_NS_ASSERTIONS = NO;
				ENABLE_STRICT_OBJC_MSGSEND = YES;
				GCC_C_LANGUAGE_STANDARD = gnu11;
				GCC_NO_COMMON_BLOCKS = YES;
				GCC_WARN_64_TO_32_BIT_CONVERSION = YES;
				GCC_WARN_ABOUT_RETURN_TYPE = YES_ERROR;
				GCC_WARN_UNDECLARED_SELECTOR = YES;
				GCC_WARN_UNINITIALIZED_AUTOS = YES_AGGRESSIVE;
				GCC_WARN_UNUSED_FUNCTION = YES;
				GCC_WARN_UNUSED_VARIABLE = YES;
				IPHONEOS_DEPLOYMENT_TARGET = 14.5;
				MTL_ENABLE_DEBUG_INFO = NO;
				MTL_FAST_MATH = YES;
				SDKROOT = iphoneos;
				SWIFT_COMPILATION_MODE = wholemodule;
				SWIFT_OPTIMIZATION_LEVEL = "-O";
				VALIDATE_PRODUCT = YES;
			};
			name = Release;
		};
		C30FE76026E85569004F3E38 /* Debug */ = {
			isa = XCBuildConfiguration;
			buildSettings = {
				ASSETCATALOG_COMPILER_APPICON_NAME = AppIcon;
				ASSETCATALOG_COMPILER_GLOBAL_ACCENT_COLOR_NAME = AccentColor;
				BASE_URL = "https://s3.amazonaws.com";
				CODE_SIGN_STYLE = Automatic;
				DEVELOPMENT_TEAM = 8K2YT6Z4CB;
				INFOPLIST_FILE = testBottleRocket/Info.plist;
				IPHONEOS_DEPLOYMENT_TARGET = 14.5;
				LD_RUNPATH_SEARCH_PATHS = (
					"$(inherited)",
					"@executable_path/Frameworks",
				);
				PRODUCT_BUNDLE_IDENTIFIER = mx.testBottleRocket;
				PRODUCT_NAME = "$(TARGET_NAME)";
				SWIFT_VERSION = 5.0;
				TARGETED_DEVICE_FAMILY = 1;
			};
			name = Debug;
		};
		C30FE76126E85569004F3E38 /* Release */ = {
			isa = XCBuildConfiguration;
			buildSettings = {
				ASSETCATALOG_COMPILER_APPICON_NAME = AppIcon;
				ASSETCATALOG_COMPILER_GLOBAL_ACCENT_COLOR_NAME = AccentColor;
				BASE_URL = "https://s3.amazonaws.com";
				CODE_SIGN_STYLE = Automatic;
				DEVELOPMENT_TEAM = 8K2YT6Z4CB;
				INFOPLIST_FILE = testBottleRocket/Info.plist;
				IPHONEOS_DEPLOYMENT_TARGET = 14.5;
				LD_RUNPATH_SEARCH_PATHS = (
					"$(inherited)",
					"@executable_path/Frameworks",
				);
				PRODUCT_BUNDLE_IDENTIFIER = mx.testBottleRocket;
				PRODUCT_NAME = "$(TARGET_NAME)";
				SWIFT_VERSION = 5.0;
				TARGETED_DEVICE_FAMILY = 1;
			};
			name = Release;
		};
/* End XCBuildConfiguration section */

/* Begin XCConfigurationList section */
		C30FE74626E85567004F3E38 /* Build configuration list for PBXProject "testBottleRocket" */ = {
			isa = XCConfigurationList;
			buildConfigurations = (
				C30FE75D26E85569004F3E38 /* Debug */,
				C30FE75E26E85569004F3E38 /* Release */,
			);
			defaultConfigurationIsVisible = 0;
			defaultConfigurationName = Release;
		};
		C30FE75F26E85569004F3E38 /* Build configuration list for PBXNativeTarget "testBottleRocket" */ = {
			isa = XCConfigurationList;
			buildConfigurations = (
				C30FE76026E85569004F3E38 /* Debug */,
				C30FE76126E85569004F3E38 /* Release */,
			);
			defaultConfigurationIsVisible = 0;
			defaultConfigurationName = Release;
		};
/* End XCConfigurationList section */
	};
	rootObject = C30FE74326E85567004F3E38 /* Project object */;
}
